
Microsoft Visual Studio Solution File, Format Version 12.00
# Visual Studio Version 17
VisualStudioVersion = 17.9.34616.47
MinimumVisualStudioVersion = 10.0.40219.1
Project("{9A19103F-16F7-4668-BE54-9A1E7A4F7556}") = "ASM2", "ASM2.csproj", "{86F53A3F-D611-4F22-962F-57D463E2CDFD}"
EndProject
Global
	GlobalSection(SolutionConfigurationPlatforms) = preSolution
		Debug|Any CPU = Debug|Any CPU
		Release|Any CPU = Release|Any CPU
	EndGlobalSection
	GlobalSection(ProjectConfigurationPlatforms) = postSolution
		{86F53A3F-D611-4F22-962F-57D463E2CDFD}.Debug|Any CPU.ActiveCfg = Debug|Any CPU
		{86F53A3F-D611-4F22-962F-57D463E2CDFD}.Debug|Any CPU.Build.0 = Debug|Any CPU
		{86F53A3F-D611-4F22-962F-57D463E2CDFD}.Release|Any CPU.ActiveCfg = Release|Any CPU
		{86F53A3F-D611-4F22-962F-57D463E2CDFD}.Release|Any CPU.Build.0 = Release|Any CPU
	EndGlobalSection
	GlobalSection(SolutionProperties) = preSolution
		HideSolutionNode = FALSE
	EndGlobalSection
	GlobalSection(ExtensibilityGlobals) = postSolution
		SolutionGuid = {1A2C00F4-DCAD-4317-80FB-16CCFD75E753}
	EndGlobalSection
EndGlobal
